
Microsoft Visual Studio Solution File, Format Version 12.00
# Visual Studio Version 17
VisualStudioVersion = 17.3.32929.385
MinimumVisualStudioVersion = 10.0.40219.1
Project("{FAE04EC0-301F-11D3-BF4B-00C04F79EFBC}") = "solucionex4y5", "solucionex4y5\solucionex4y5.csproj", "{B629AC0E-ECB7-4367-982C-83088054BB62}"
EndProject
Project("{2150E333-8FDC-42A3-9474-1A3956D46DE8}") = "Elementos de la solución", "Elementos de la solución", "{B628EDFE-6D28-45C0-BEAA-1FB5BC9236E1}"
	ProjectSection(SolutionItems) = preProject
		viaje.cs = viaje.cs
	EndProjectSection
EndProject
Global
	GlobalSection(SolutionConfigurationPlatforms) = preSolution
		Debug|Any CPU = Debug|Any CPU
		Release|Any CPU = Release|Any CPU
	EndGlobalSection
	GlobalSection(ProjectConfigurationPlatforms) = postSolution
		{B629AC0E-ECB7-4367-982C-83088054BB62}.Debug|Any CPU.ActiveCfg = Debug|Any CPU
		{B629AC0E-ECB7-4367-982C-83088054BB62}.Debug|Any CPU.Build.0 = Debug|Any CPU
		{B629AC0E-ECB7-4367-982C-83088054BB62}.Release|Any CPU.ActiveCfg = Release|Any CPU
		{B629AC0E-ECB7-4367-982C-83088054BB62}.Release|Any CPU.Build.0 = Release|Any CPU
	EndGlobalSection
	GlobalSection(SolutionProperties) = preSolution
		HideSolutionNode = FALSE
	EndGlobalSection
	GlobalSection(ExtensibilityGlobals) = postSolution
		SolutionGuid = {7C64DA2B-5EC2-4BE8-BAAE-5710D6861327}
	EndGlobalSection
EndGlobal
